
Microsoft Visual Studio Solution File, Format Version 12.00
# Visual Studio Version 16
VisualStudioVersion = 16.0.30907.101
MinimumVisualStudioVersion = 10.0.40219.1
Project("{FAE04EC0-301F-11D3-BF4B-00C04F79EFBC}") = "Ecom.Web", "Ecom.Web\Ecom.Web.csproj", "{86231961-AC66-46CC-9208-4EE7600D69F0}"
EndProject
Project("{FAE04EC0-301F-11D3-BF4B-00C04F79EFBC}") = "Ecom.Entities", "Ecom.Entities\Ecom.Entities.csproj", "{1CA01CB6-20EC-4371-A374-738B3BBEA15D}"
EndProject
Project("{FAE04EC0-301F-11D3-BF4B-00C04F79EFBC}") = "Ecom.Database", "Ecom.Database\Ecom.Database.csproj", "{CC8420D9-3270-4760-AF5A-6736DF5BD815}"
EndProject
Global
	GlobalSection(SolutionConfigurationPlatforms) = preSolution
		Debug|Any CPU = Debug|Any CPU
		Release|Any CPU = Release|Any CPU
	EndGlobalSection
	GlobalSection(ProjectConfigurationPlatforms) = postSolution
		{86231961-AC66-46CC-9208-4EE7600D69F0}.Debug|Any CPU.ActiveCfg = Debug|Any CPU
		{86231961-AC66-46CC-9208-4EE7600D69F0}.Debug|Any CPU.Build.0 = Debug|Any CPU
		{86231961-AC66-46CC-9208-4EE7600D69F0}.Release|Any CPU.ActiveCfg = Release|Any CPU
		{86231961-AC66-46CC-9208-4EE7600D69F0}.Release|Any CPU.Build.0 = Release|Any CPU
		{1CA01CB6-20EC-4371-A374-738B3BBEA15D}.Debug|Any CPU.ActiveCfg = Debug|Any CPU
		{1CA01CB6-20EC-4371-A374-738B3BBEA15D}.Debug|Any CPU.Build.0 = Debug|Any CPU
		{1CA01CB6-20EC-4371-A374-738B3BBEA15D}.Release|Any CPU.ActiveCfg = Release|Any CPU
		{1CA01CB6-20EC-4371-A374-738B3BBEA15D}.Release|Any CPU.Build.0 = Release|Any CPU
		{CC8420D9-3270-4760-AF5A-6736DF5BD815}.Debug|Any CPU.ActiveCfg = Debug|Any CPU
		{CC8420D9-3270-4760-AF5A-6736DF5BD815}.Debug|Any CPU.Build.0 = Debug|Any CPU
		{CC8420D9-3270-4760-AF5A-6736DF5BD815}.Release|Any CPU.ActiveCfg = Release|Any CPU
		{CC8420D9-3270-4760-AF5A-6736DF5BD815}.Release|Any CPU.Build.0 = Release|Any CPU
	EndGlobalSection
	GlobalSection(SolutionProperties) = preSolution
		HideSolutionNode = FALSE
	EndGlobalSection
	GlobalSection(ExtensibilityGlobals) = postSolution
		SolutionGuid = {6DE909D8-8D5C-4680-AEE4-5C8D1FD94390}
	EndGlobalSection
EndGlobal
